Microsoft Visual Studio Solution File, Format Version 11.00
# Visual Studio 2008

Project("{25F483EC-87CB-E81C-504A-ED856E3BF9AC}") = "Mistborn", "Assembly-CSharp-firstpass.csproj", "{58F5C2BB-D6D8-E9B0-A5D4-5054762B2632}"
EndProject
Project("{25F483EC-87CB-E81C-504A-ED856E3BF9AC}") = "Mistborn", "Assembly-CSharp.csproj", "{E225A236-95F2-1FF5-4161-9BE51F314376}"
EndProject
Project("{25F483EC-87CB-E81C-504A-ED856E3BF9AC}") = "Mistborn", "Assembly-UnityScript-firstpass.unityproj", "{A1D9268D-7E33-F3A8-961A-9A1A274F66A2}"
EndProject
Project("{25F483EC-87CB-E81C-504A-ED856E3BF9AC}") = "Mistborn", "Assembly-UnityScript.unityproj", "{954088E6-E2E4-07E2-1411-2C175B9DEBDD}"
EndProject
Global
	GlobalSection(SolutionConfigurationPlatforms) = preSolution
		Debug|Any CPU = Debug|Any CPU
		Release|Any CPU = Release|Any CPU
	EndGlobalSection
	GlobalSection(ProjectConfigurationPlatforms) = postSolution
		{58F5C2BB-D6D8-E9B0-A5D4-5054762B2632}.Debug|Any CPU.ActiveCfg = Debug|Any CPU
		{58F5C2BB-D6D8-E9B0-A5D4-5054762B2632}.Debug|Any CPU.Build.0 = Debug|Any CPU
		{58F5C2BB-D6D8-E9B0-A5D4-5054762B2632}.Release|Any CPU.ActiveCfg = Release|Any CPU
		{58F5C2BB-D6D8-E9B0-A5D4-5054762B2632}.Release|Any CPU.Build.0 = Release|Any CPU
		{E225A236-95F2-1FF5-4161-9BE51F314376}.Debug|Any CPU.ActiveCfg = Debug|Any CPU
		{E225A236-95F2-1FF5-4161-9BE51F314376}.Debug|Any CPU.Build.0 = Debug|Any CPU
		{E225A236-95F2-1FF5-4161-9BE51F314376}.Release|Any CPU.ActiveCfg = Release|Any CPU
		{E225A236-95F2-1FF5-4161-9BE51F314376}.Release|Any CPU.Build.0 = Release|Any CPU
		{A1D9268D-7E33-F3A8-961A-9A1A274F66A2}.Debug|Any CPU.ActiveCfg = Debug|Any CPU
		{A1D9268D-7E33-F3A8-961A-9A1A274F66A2}.Debug|Any CPU.Build.0 = Debug|Any CPU
		{A1D9268D-7E33-F3A8-961A-9A1A274F66A2}.Release|Any CPU.ActiveCfg = Release|Any CPU
		{A1D9268D-7E33-F3A8-961A-9A1A274F66A2}.Release|Any CPU.Build.0 = Release|Any CPU
		{954088E6-E2E4-07E2-1411-2C175B9DEBDD}.Debug|Any CPU.ActiveCfg = Debug|Any CPU
		{954088E6-E2E4-07E2-1411-2C175B9DEBDD}.Debug|Any CPU.Build.0 = Debug|Any CPU
		{954088E6-E2E4-07E2-1411-2C175B9DEBDD}.Release|Any CPU.ActiveCfg = Release|Any CPU
		{954088E6-E2E4-07E2-1411-2C175B9DEBDD}.Release|Any CPU.Build.0 = Release|Any CPU
	EndGlobalSection
	GlobalSection(SolutionProperties) = preSolution
		HideSolutionNode = FALSE
	EndGlobalSection
																GlobalSection(MonoDevelopProperties) = preSolution
		StartupItem = Assembly-CSharp.csproj
		Policies = $0
		$0.TextStylePolicy = $1
		$1.inheritsSet = null
		$1.scope = text/x-csharp
		$0.CSharpFormattingPolicy = $2
		$2.inheritsSet = Mono
		$2.inheritsScope = text/x-csharp
		$2.scope = text/x-csharp
		$0.TextStylePolicy = $3
		$3.FileWidth = 120
		$3.TabWidth = 4
		$3.EolMarker = Unix
		$3.inheritsSet = Mono
		$3.inheritsScope = text/plain
		$3.scope = text/plain
	EndGlobalSection

EndGlobal
